{
    "_meta": {
        "hash": {
            "sha256": "7d2998d895de9c2e286dc1f8700a075ed016ba17c3331cf2a87dbc736ff06f8b"
        },
        "pipfile-spec": 6,
        "requires": {
            "python_version": "3.12"
        },
        "sources": [
            {
                "name": "pypi",
                "url": "https://pypi.org/simple",
                "verify_ssl": true
            }
        ]
    },
    "default": {
        "colorama": {
            "hashes": [
                "sha256:08695f5cb7ed6e0531a20572697297273c47b8cae5a63ffc6d6ed5c201be6e44",
                "sha256:4f1d9991f5acc0ca119f9d443620b77f9d6b33703e51011c16baf57afb285fc6"
            ],
            "markers": "platform_system == 'Windows'",
            "version": "==0.4.6"
        },
        "porter2stemmer": {
            "hashes": [
                "sha256:561b2537767a086e3bd33558e8f3cd4cb60ee2b0240c4c06eb98754601db34dd",
                "sha256:ba478ad6550258a1fd8e102e554387dd9ac73f73059483eefee98211f0ad5244"
            ],
            "index": "pypi",
            "version": "==1.0"
        },
        "tqdm": {
            "hashes": [
                "sha256:90279a3770753eafc9194a0364852159802111925aa30eb3f9d85b0e805ac7cd",
                "sha256:e1020aef2e5096702d8a025ac7d16b1577279c9d63f8375b63083e9a5f0fcbad"
            ],
            "index": "pypi",
            "markers": "python_version >= '3.7'",
            "version": "==4.66.5"
        }
    },
    "develop": {}
}
